
Microsoft Visual Studio Solution File, Format Version 12.00
# Visual Studio 14
VisualStudioVersion = 14.0.25420.1
MinimumVisualStudioVersion = 10.0.40219.1
Project("{FAE04EC0-301F-11D3-BF4B-00C04F79EFBC}") = "IL Tools", "IL Tools\IL Tools.csproj", "{D22AD501-13B5-4246-B80A-FC702A381382}"
EndProject
Global
	GlobalSection(SolutionConfigurationPlatforms) = preSolution
		Debug|Any CPU = Debug|Any CPU
		Debug|Default = Debug|Default
		Release|Any CPU = Release|Any CPU
		Release|Default = Release|Default
	EndGlobalSection
	GlobalSection(ProjectConfigurationPlatforms) = postSolution
		{D22AD501-13B5-4246-B80A-FC702A381382}.Debug|Any CPU.ActiveCfg = Debug|Any CPU
		{D22AD501-13B5-4246-B80A-FC702A381382}.Debug|Any CPU.Build.0 = Debug|Any CPU
		{D22AD501-13B5-4246-B80A-FC702A381382}.Debug|Default.ActiveCfg = Debug|Any CPU
		{D22AD501-13B5-4246-B80A-FC702A381382}.Release|Any CPU.ActiveCfg = Debug|Any CPU
		{D22AD501-13B5-4246-B80A-FC702A381382}.Release|Default.ActiveCfg = Debug|Any CPU
	EndGlobalSection
	GlobalSection(SolutionProperties) = preSolution
		HideSolutionNode = FALSE
	EndGlobalSection
	GlobalSection(ExtensibilityGlobals) = postSolution
		SolutionGuid = {A23A8ACF-BA8E-42AE-BE30-A5CD8F4BCE3A}
	EndGlobalSection
	GlobalSection(SolutionConfigurationPlatforms) = preSolution
		Debug|Any CPU = Debug|Any CPU
		Debug|Default = Debug|Default
		Release|Any CPU = Release|Any CPU
		Release|Default = Release|Default
	EndGlobalSection
	GlobalSection(SolutionConfigurationPlatforms) = preSolution
		Debug|Any CPU = Debug|Any CPU
		Debug|Default = Debug|Default
		Release|Any CPU = Release|Any CPU
		Release|Default = Release|Default
	EndGlobalSection
EndGlobal
